
Microsoft Visual Studio Solution File, Format Version 12.00
# Visual Studio Version 16
VisualStudioVersion = 16.0.33130.400
MinimumVisualStudioVersion = 10.0.40219.1
Project("{8BC9CEB8-8B4A-11D0-8D11-00A0C91BC942}") = "Project1", "Project1\Project1.vcxproj", "{30D8679D-5EFC-40B4-B351-5391ABD9EA78}"
EndProject
Global
	GlobalSection(SolutionConfigurationPlatforms) = preSolution
		Debug|x64 = Debug|x64
		Debug|x86 = Debug|x86
		Release|x64 = Release|x64
		Release|x86 = Release|x86
	EndGlobalSection
	GlobalSection(ProjectConfigurationPlatforms) = postSolution
		{30D8679D-5EFC-40B4-B351-5391ABD9EA78}.Debug|x64.ActiveCfg = Debug|x64
		{30D8679D-5EFC-40B4-B351-5391ABD9EA78}.Debug|x64.Build.0 = Debug|x64
		{30D8679D-5EFC-40B4-B351-5391ABD9EA78}.Debug|x86.ActiveCfg = Debug|Win32
		{30D8679D-5EFC-40B4-B351-5391ABD9EA78}.Debug|x86.Build.0 = Debug|Win32
		{30D8679D-5EFC-40B4-B351-5391ABD9EA78}.Release|x64.ActiveCfg = Release|x64
		{30D8679D-5EFC-40B4-B351-5391ABD9EA78}.Release|x64.Build.0 = Release|x64
		{30D8679D-5EFC-40B4-B351-5391ABD9EA78}.Release|x86.ActiveCfg = Release|Win32
		{30D8679D-5EFC-40B4-B351-5391ABD9EA78}.Release|x86.Build.0 = Release|Win32
	EndGlobalSection
	GlobalSection(SolutionProperties) = preSolution
		HideSolutionNode = FALSE
	EndGlobalSection
	GlobalSection(ExtensibilityGlobals) = postSolution
		SolutionGuid = {69CAE4CB-FB7F-47F5-89C3-6CDC502F4DC0}
	EndGlobalSection
EndGlobal
